
Microsoft Visual Studio Solution File, Format Version 12.00
# Visual Studio Version 16
VisualStudioVersion = 16.0.32510.428
MinimumVisualStudioVersion = 10.0.40219.1
Project("{FAE04EC0-301F-11D3-BF4B-00C04F79EFBC}") = "CallMethodFromAbstractClass", "CallMethodFromAbstractClass\CallMethodFromAbstractClass.csproj", "{5309EBA4-883C-4DCE-A8BD-225CD5DB5591}"
EndProject
Global
	GlobalSection(SolutionConfigurationPlatforms) = preSolution
		Debug|Any CPU = Debug|Any CPU
		Release|Any CPU = Release|Any CPU
	EndGlobalSection
	GlobalSection(ProjectConfigurationPlatforms) = postSolution
		{5309EBA4-883C-4DCE-A8BD-225CD5DB5591}.Debug|Any CPU.ActiveCfg = Debug|Any CPU
		{5309EBA4-883C-4DCE-A8BD-225CD5DB5591}.Debug|Any CPU.Build.0 = Debug|Any CPU
		{5309EBA4-883C-4DCE-A8BD-225CD5DB5591}.Release|Any CPU.ActiveCfg = Release|Any CPU
		{5309EBA4-883C-4DCE-A8BD-225CD5DB5591}.Release|Any CPU.Build.0 = Release|Any CPU
	EndGlobalSection
	GlobalSection(SolutionProperties) = preSolution
		HideSolutionNode = FALSE
	EndGlobalSection
	GlobalSection(ExtensibilityGlobals) = postSolution
		SolutionGuid = {AF9E47E7-0DC0-4384-851A-075974FA644E}
	EndGlobalSection
EndGlobal
